
Microsoft Visual Studio Solution File, Format Version 12.00
# Visual Studio Version 17
VisualStudioVersion = 17.0.31903.59
MinimumVisualStudioVersion = 10.0.40219.1
Project("{FAE04EC0-301F-11D3-BF4B-00C04F79EFBC}") = "SportsStore", "SportsStore\SportsStore.csproj", "{F00877EB-0670-410E-99CA-E734471A2FB5}"
EndProject
Project("{FAE04EC0-301F-11D3-BF4B-00C04F79EFBC}") = "SportsStore.Tests", "SportsStore.Tests\SportsStore.Tests.csproj", "{EBA67F5F-1915-415C-A191-85D416C29EC3}"
EndProject
Global
	GlobalSection(SolutionConfigurationPlatforms) = preSolution
		Debug|Any CPU = Debug|Any CPU
		Release|Any CPU = Release|Any CPU
	EndGlobalSection
	GlobalSection(SolutionProperties) = preSolution
		HideSolutionNode = FALSE
	EndGlobalSection
	GlobalSection(ProjectConfigurationPlatforms) = postSolution
		{F00877EB-0670-410E-99CA-E734471A2FB5}.Debug|Any CPU.ActiveCfg = Debug|Any CPU
		{F00877EB-0670-410E-99CA-E734471A2FB5}.Debug|Any CPU.Build.0 = Debug|Any CPU
		{F00877EB-0670-410E-99CA-E734471A2FB5}.Release|Any CPU.ActiveCfg = Release|Any CPU
		{F00877EB-0670-410E-99CA-E734471A2FB5}.Release|Any CPU.Build.0 = Release|Any CPU
		{EBA67F5F-1915-415C-A191-85D416C29EC3}.Debug|Any CPU.ActiveCfg = Debug|Any CPU
		{EBA67F5F-1915-415C-A191-85D416C29EC3}.Debug|Any CPU.Build.0 = Debug|Any CPU
		{EBA67F5F-1915-415C-A191-85D416C29EC3}.Release|Any CPU.ActiveCfg = Release|Any CPU
		{EBA67F5F-1915-415C-A191-85D416C29EC3}.Release|Any CPU.Build.0 = Release|Any CPU
	EndGlobalSection
EndGlobal
